
Microsoft Visual Studio Solution File, Format Version 12.00
# Visual Studio Version 16
VisualStudioVersion = 16.0.29009.5
MinimumVisualStudioVersion = 10.0.40219.1
Project("{FAE04EC0-301F-11D3-BF4B-00C04F79EFBC}") = "WeatherApp.Android", "WeatherApp\WeatherApp.Android\WeatherApp.Android.csproj", "{31DEC0BF-ABA2-4489-8E8E-CE7244D929F9}"
EndProject
Project("{FAE04EC0-301F-11D3-BF4B-00C04F79EFBC}") = "WeatherApp.iOS", "WeatherApp\WeatherApp.iOS\WeatherApp.iOS.csproj", "{7191C422-B8E4-4FB8-9DC0-A1210E9EAC71}"
EndProject
Project("{FAE04EC0-301F-11D3-BF4B-00C04F79EFBC}") = "WeatherApp", "WeatherApp\WeatherApp\WeatherApp.csproj", "{5984F639-F7B3-4C8E-B428-9CD67B48AA24}"
EndProject
Global
	GlobalSection(SolutionConfigurationPlatforms) = preSolution
		Debug|Any CPU = Debug|Any CPU
		Debug|iPhone = Debug|iPhone
		Debug|iPhoneSimulator = Debug|iPhoneSimulator
		Release|Any CPU = Release|Any CPU
		Release|iPhone = Release|iPhone
		Release|iPhoneSimulator = Release|iPhoneSimulator
	EndGlobalSection
	GlobalSection(ProjectConfigurationPlatforms) = postSolution
		{31DEC0BF-ABA2-4489-8E8E-CE7244D929F9}.Debug|Any CPU.ActiveCfg = Debug|Any CPU
		{31DEC0BF-ABA2-4489-8E8E-CE7244D929F9}.Debug|Any CPU.Build.0 = Debug|Any CPU
		{31DEC0BF-ABA2-4489-8E8E-CE7244D929F9}.Debug|Any CPU.Deploy.0 = Debug|Any CPU
		{31DEC0BF-ABA2-4489-8E8E-CE7244D929F9}.Debug|iPhone.ActiveCfg = Debug|Any CPU
		{31DEC0BF-ABA2-4489-8E8E-CE7244D929F9}.Debug|iPhone.Build.0 = Debug|Any CPU
		{31DEC0BF-ABA2-4489-8E8E-CE7244D929F9}.Debug|iPhone.Deploy.0 = Debug|Any CPU
		{31DEC0BF-ABA2-4489-8E8E-CE7244D929F9}.Debug|iPhoneSimulator.ActiveCfg = Debug|Any CPU
		{31DEC0BF-ABA2-4489-8E8E-CE7244D929F9}.Debug|iPhoneSimulator.Build.0 = Debug|Any CPU
		{31DEC0BF-ABA2-4489-8E8E-CE7244D929F9}.Debug|iPhoneSimulator.Deploy.0 = Debug|Any CPU
		{31DEC0BF-ABA2-4489-8E8E-CE7244D929F9}.Release|Any CPU.ActiveCfg = Release|Any CPU
		{31DEC0BF-ABA2-4489-8E8E-CE7244D929F9}.Release|Any CPU.Build.0 = Release|Any CPU
		{31DEC0BF-ABA2-4489-8E8E-CE7244D929F9}.Release|Any CPU.Deploy.0 = Release|Any CPU
		{31DEC0BF-ABA2-4489-8E8E-CE7244D929F9}.Release|iPhone.ActiveCfg = Release|Any CPU
		{31DEC0BF-ABA2-4489-8E8E-CE7244D929F9}.Release|iPhone.Build.0 = Release|Any CPU
		{31DEC0BF-ABA2-4489-8E8E-CE7244D929F9}.Release|iPhone.Deploy.0 = Release|Any CPU
		{31DEC0BF-ABA2-4489-8E8E-CE7244D929F9}.Release|iPhoneSimulator.ActiveCfg = Release|Any CPU
		{31DEC0BF-ABA2-4489-8E8E-CE7244D929F9}.Release|iPhoneSimulator.Build.0 = Release|Any CPU
		{31DEC0BF-ABA2-4489-8E8E-CE7244D929F9}.Release|iPhoneSimulator.Deploy.0 = Release|Any CPU
		{7191C422-B8E4-4FB8-9DC0-A1210E9EAC71}.Debug|Any CPU.ActiveCfg = Debug|iPhoneSimulator
		{7191C422-B8E4-4FB8-9DC0-A1210E9EAC71}.Debug|Any CPU.Build.0 = Debug|iPhoneSimulator
		{7191C422-B8E4-4FB8-9DC0-A1210E9EAC71}.Debug|Any CPU.Deploy.0 = Debug|iPhoneSimulator
		{7191C422-B8E4-4FB8-9DC0-A1210E9EAC71}.Debug|iPhone.ActiveCfg = Debug|iPhone
		{7191C422-B8E4-4FB8-9DC0-A1210E9EAC71}.Debug|iPhone.Build.0 = Debug|iPhone
		{7191C422-B8E4-4FB8-9DC0-A1210E9EAC71}.Debug|iPhone.Deploy.0 = Debug|iPhone
		{7191C422-B8E4-4FB8-9DC0-A1210E9EAC71}.Debug|iPhoneSimulator.ActiveCfg = Debug|iPhoneSimulator
		{7191C422-B8E4-4FB8-9DC0-A1210E9EAC71}.Debug|iPhoneSimulator.Build.0 = Debug|iPhoneSimulator
		{7191C422-B8E4-4FB8-9DC0-A1210E9EAC71}.Debug|iPhoneSimulator.Deploy.0 = Debug|iPhoneSimulator
		{7191C422-B8E4-4FB8-9DC0-A1210E9EAC71}.Release|Any CPU.ActiveCfg = Release|iPhone
		{7191C422-B8E4-4FB8-9DC0-A1210E9EAC71}.Release|Any CPU.Build.0 = Release|iPhone
		{7191C422-B8E4-4FB8-9DC0-A1210E9EAC71}.Release|Any CPU.Deploy.0 = Release|iPhone
		{7191C422-B8E4-4FB8-9DC0-A1210E9EAC71}.Release|iPhone.ActiveCfg = Release|iPhone
		{7191C422-B8E4-4FB8-9DC0-A1210E9EAC71}.Release|iPhone.Build.0 = Release|iPhone
		{7191C422-B8E4-4FB8-9DC0-A1210E9EAC71}.Release|iPhone.Deploy.0 = Release|iPhone
		{7191C422-B8E4-4FB8-9DC0-A1210E9EAC71}.Release|iPhoneSimulator.ActiveCfg = Release|iPhoneSimulator
		{7191C422-B8E4-4FB8-9DC0-A1210E9EAC71}.Release|iPhoneSimulator.Build.0 = Release|iPhoneSimulator
		{7191C422-B8E4-4FB8-9DC0-A1210E9EAC71}.Release|iPhoneSimulator.Deploy.0 = Release|iPhoneSimulator
		{5984F639-F7B3-4C8E-B428-9CD67B48AA24}.Debug|Any CPU.ActiveCfg = Debug|Any CPU
		{5984F639-F7B3-4C8E-B428-9CD67B48AA24}.Debug|Any CPU.Build.0 = Debug|Any CPU
		{5984F639-F7B3-4C8E-B428-9CD67B48AA24}.Debug|Any CPU.Deploy.0 = Debug|Any CPU
		{5984F639-F7B3-4C8E-B428-9CD67B48AA24}.Debug|iPhone.ActiveCfg = Debug|Any CPU
		{5984F639-F7B3-4C8E-B428-9CD67B48AA24}.Debug|iPhone.Build.0 = Debug|Any CPU
		{5984F639-F7B3-4C8E-B428-9CD67B48AA24}.Debug|iPhone.Deploy.0 = Debug|Any CPU
		{5984F639-F7B3-4C8E-B428-9CD67B48AA24}.Debug|iPhoneSimulator.ActiveCfg = Debug|Any CPU
		{5984F639-F7B3-4C8E-B428-9CD67B48AA24}.Debug|iPhoneSimulator.Build.0 = Debug|Any CPU
		{5984F639-F7B3-4C8E-B428-9CD67B48AA24}.Debug|iPhoneSimulator.Deploy.0 = Debug|Any CPU
		{5984F639-F7B3-4C8E-B428-9CD67B48AA24}.Release|Any CPU.ActiveCfg = Release|Any CPU
		{5984F639-F7B3-4C8E-B428-9CD67B48AA24}.Release|Any CPU.Build.0 = Release|Any CPU
		{5984F639-F7B3-4C8E-B428-9CD67B48AA24}.Release|Any CPU.Deploy.0 = Release|Any CPU
		{5984F639-F7B3-4C8E-B428-9CD67B48AA24}.Release|iPhone.ActiveCfg = Release|Any CPU
		{5984F639-F7B3-4C8E-B428-9CD67B48AA24}.Release|iPhone.Build.0 = Release|Any CPU
		{5984F639-F7B3-4C8E-B428-9CD67B48AA24}.Release|iPhone.Deploy.0 = Release|Any CPU
		{5984F639-F7B3-4C8E-B428-9CD67B48AA24}.Release|iPhoneSimulator.ActiveCfg = Release|Any CPU
		{5984F639-F7B3-4C8E-B428-9CD67B48AA24}.Release|iPhoneSimulator.Build.0 = Release|Any CPU
		{5984F639-F7B3-4C8E-B428-9CD67B48AA24}.Release|iPhoneSimulator.Deploy.0 = Release|Any CPU
	EndGlobalSection
	GlobalSection(SolutionProperties) = preSolution
		HideSolutionNode = FALSE
	EndGlobalSection
	GlobalSection(ExtensibilityGlobals) = postSolution
		SolutionGuid = {AE0D0CB1-022B-4100-875B-ED769C36BFDD}
	EndGlobalSection
EndGlobal
